
Microsoft Visual Studio Solution File, Format Version 12.00
# Visual Studio Version 17
VisualStudioVersion = 17.2.32630.192
MinimumVisualStudioVersion = 10.0.40219.1
Project("{9A19103F-16F7-4668-BE54-9A1E7A4F7556}") = "R5T.F0027", "R5T.F0027\R5T.F0027.csproj", "{80EE3365-D3BF-4347-B0D0-CEBB8E345809}"
EndProject
Project("{9A19103F-16F7-4668-BE54-9A1E7A4F7556}") = "R5T.F0027.Construction", "R5T.F0027.Construction\R5T.F0027.Construction.csproj", "{E989269A-BCD9-4AC6-B17B-6D1FCAC47B54}"
EndProject
Project("{2150E333-8FDC-42A3-9474-1A3956D46DE8}") = "_Dependencies", "_Dependencies", "{DE418832-D96A-44BF-98D5-DFCAC50810BB}"
EndProject
Project("{9A19103F-16F7-4668-BE54-9A1E7A4F7556}") = "R5T.F0000", "..\..\R5T.F0000\source\R5T.F0000\R5T.F0000.csproj", "{AFB33D2D-63BD-44D9-99B0-EF0FEE2B270C}"
EndProject
Project("{9A19103F-16F7-4668-BE54-9A1E7A4F7556}") = "R5T.F0002", "..\..\R5T.F0002\source\R5T.F0002\R5T.F0002.csproj", "{7AD261B7-1352-46D3-832B-C5C1A93A3596}"
EndProject
Project("{9A19103F-16F7-4668-BE54-9A1E7A4F7556}") = "R5T.F0020", "..\..\R5T.F0020\source\R5T.F0020\R5T.F0020.csproj", "{41C33843-8598-47EB-B49D-8BF4B82452D4}"
EndProject
Project("{9A19103F-16F7-4668-BE54-9A1E7A4F7556}") = "R5T.F0026", "..\..\R5T.F0026\source\R5T.F0026\R5T.F0026.csproj", "{AD7872FB-E699-4F24-9372-26D2044C3267}"
EndProject
Project("{9A19103F-16F7-4668-BE54-9A1E7A4F7556}") = "R5T.F0040.F000", "..\..\R5T.F0040\source\R5T.F0040.F000\R5T.F0040.F000.csproj", "{D72CABA9-6CB0-4AAC-A620-9EB28E508A98}"
EndProject
Project("{9A19103F-16F7-4668-BE54-9A1E7A4F7556}") = "R5T.T0131", "..\..\R5T.T0131\source\R5T.T0131\R5T.T0131.csproj", "{0A51746B-C452-4DEA-8DF1-F533A4E58CF8}"
EndProject
Project("{9A19103F-16F7-4668-BE54-9A1E7A4F7556}") = "R5T.T0132", "..\..\R5T.T0132\source\R5T.T0132\R5T.T0132.csproj", "{DD40E42A-49F5-4B9F-8F0B-8870C825E241}"
EndProject
Project("{9A19103F-16F7-4668-BE54-9A1E7A4F7556}") = "R5T.T0142", "..\..\R5T.T0142\source\R5T.T0142\R5T.T0142.csproj", "{96925C36-735C-4BC9-B303-106F3B091CD3}"
EndProject
Project("{9A19103F-16F7-4668-BE54-9A1E7A4F7556}") = "R5T.T0143", "..\..\R5T.T0143\source\R5T.T0143\R5T.T0143.csproj", "{76D8FD7A-080B-4319-9D80-488C4497D8C1}"
EndProject
Project("{9A19103F-16F7-4668-BE54-9A1E7A4F7556}") = "R5T.Y0000", "..\..\R5T.Y0000\source\R5T.Y0000\R5T.Y0000.csproj", "{8619D0E6-B04D-4CA6-81B2-2B46001A6848}"
EndProject
Project("{9A19103F-16F7-4668-BE54-9A1E7A4F7556}") = "R5T.Z0000", "..\..\R5T.Z0000\source\R5T.Z0000\R5T.Z0000.csproj", "{5CC4F002-D3BF-4FD3-9827-3D68FA5BF7C4}"
EndProject
Project("{9A19103F-16F7-4668-BE54-9A1E7A4F7556}") = "R5T.Z0011", "..\..\R5T.Z0011\source\R5T.Z0011\R5T.Z0011.csproj", "{4AD05E1F-95C3-421C-A0FE-D15CA0F10A36}"
EndProject
Project("{9A19103F-16F7-4668-BE54-9A1E7A4F7556}") = "R5T.Z0018", "..\..\R5T.Z0018.Private\source\R5T.Z0018\R5T.Z0018.csproj", "{9EE3C3FA-CF10-466D-883F-FCE3DF0949E7}"
EndProject
Project("{9A19103F-16F7-4668-BE54-9A1E7A4F7556}") = "R5T.F0034", "..\..\R5T.F0034\source\R5T.F0034\R5T.F0034.csproj", "{67B52C26-BCBF-45B8-B5FF-0252E0D56F80}"
EndProject
Global
	GlobalSection(SolutionConfigurationPlatforms) = preSolution
		Debug|Any CPU = Debug|Any CPU
		Release|Any CPU = Release|Any CPU
	EndGlobalSection
	GlobalSection(ProjectConfigurationPlatforms) = postSolution
		{80EE3365-D3BF-4347-B0D0-CEBB8E345809}.Debug|Any CPU.ActiveCfg = Debug|Any CPU
		{80EE3365-D3BF-4347-B0D0-CEBB8E345809}.Debug|Any CPU.Build.0 = Debug|Any CPU
		{80EE3365-D3BF-4347-B0D0-CEBB8E345809}.Release|Any CPU.ActiveCfg = Release|Any CPU
		{80EE3365-D3BF-4347-B0D0-CEBB8E345809}.Release|Any CPU.Build.0 = Release|Any CPU
		{E989269A-BCD9-4AC6-B17B-6D1FCAC47B54}.Debug|Any CPU.ActiveCfg = Debug|Any CPU
		{E989269A-BCD9-4AC6-B17B-6D1FCAC47B54}.Debug|Any CPU.Build.0 = Debug|Any CPU
		{E989269A-BCD9-4AC6-B17B-6D1FCAC47B54}.Release|Any CPU.ActiveCfg = Release|Any CPU
		{E989269A-BCD9-4AC6-B17B-6D1FCAC47B54}.Release|Any CPU.Build.0 = Release|Any CPU
		{AFB33D2D-63BD-44D9-99B0-EF0FEE2B270C}.Debug|Any CPU.ActiveCfg = Debug|Any CPU
		{AFB33D2D-63BD-44D9-99B0-EF0FEE2B270C}.Debug|Any CPU.Build.0 = Debug|Any CPU
		{AFB33D2D-63BD-44D9-99B0-EF0FEE2B270C}.Release|Any CPU.ActiveCfg = Release|Any CPU
		{AFB33D2D-63BD-44D9-99B0-EF0FEE2B270C}.Release|Any CPU.Build.0 = Release|Any CPU
		{7AD261B7-1352-46D3-832B-C5C1A93A3596}.Debug|Any CPU.ActiveCfg = Debug|Any CPU
		{7AD261B7-1352-46D3-832B-C5C1A93A3596}.Debug|Any CPU.Build.0 = Debug|Any CPU
		{7AD261B7-1352-46D3-832B-C5C1A93A3596}.Release|Any CPU.ActiveCfg = Release|Any CPU
		{7AD261B7-1352-46D3-832B-C5C1A93A3596}.Release|Any CPU.Build.0 = Release|Any CPU
		{41C33843-8598-47EB-B49D-8BF4B82452D4}.Debug|Any CPU.ActiveCfg = Debug|Any CPU
		{41C33843-8598-47EB-B49D-8BF4B82452D4}.Debug|Any CPU.Build.0 = Debug|Any CPU
		{41C33843-8598-47EB-B49D-8BF4B82452D4}.Release|Any CPU.ActiveCfg = Release|Any CPU
		{41C33843-8598-47EB-B49D-8BF4B82452D4}.Release|Any CPU.Build.0 = Release|Any CPU
		{AD7872FB-E699-4F24-9372-26D2044C3267}.Debug|Any CPU.ActiveCfg = Debug|Any CPU
		{AD7872FB-E699-4F24-9372-26D2044C3267}.Debug|Any CPU.Build.0 = Debug|Any CPU
		{AD7872FB-E699-4F24-9372-26D2044C3267}.Release|Any CPU.ActiveCfg = Release|Any CPU
		{AD7872FB-E699-4F24-9372-26D2044C3267}.Release|Any CPU.Build.0 = Release|Any CPU
		{D72CABA9-6CB0-4AAC-A620-9EB28E508A98}.Debug|Any CPU.ActiveCfg = Debug|Any CPU
		{D72CABA9-6CB0-4AAC-A620-9EB28E508A98}.Debug|Any CPU.Build.0 = Debug|Any CPU
		{D72CABA9-6CB0-4AAC-A620-9EB28E508A98}.Release|Any CPU.ActiveCfg = Release|Any CPU
		{D72CABA9-6CB0-4AAC-A620-9EB28E508A98}.Release|Any CPU.Build.0 = Release|Any CPU
		{0A51746B-C452-4DEA-8DF1-F533A4E58CF8}.Debug|Any CPU.ActiveCfg = Debug|Any CPU
		{0A51746B-C452-4DEA-8DF1-F533A4E58CF8}.Debug|Any CPU.Build.0 = Debug|Any CPU
		{0A51746B-C452-4DEA-8DF1-F533A4E58CF8}.Release|Any CPU.ActiveCfg = Release|Any CPU
		{0A51746B-C452-4DEA-8DF1-F533A4E58CF8}.Release|Any CPU.Build.0 = Release|Any CPU
		{DD40E42A-49F5-4B9F-8F0B-8870C825E241}.Debug|Any CPU.ActiveCfg = Debug|Any CPU
		{DD40E42A-49F5-4B9F-8F0B-8870C825E241}.Debug|Any CPU.Build.0 = Debug|Any CPU
		{DD40E42A-49F5-4B9F-8F0B-8870C825E241}.Release|Any CPU.ActiveCfg = Release|Any CPU
		{DD40E42A-49F5-4B9F-8F0B-8870C825E241}.Release|Any CPU.Build.0 = Release|Any CPU
		{96925C36-735C-4BC9-B303-106F3B091CD3}.Debug|Any CPU.ActiveCfg = Debug|Any CPU
		{96925C36-735C-4BC9-B303-106F3B091CD3}.Debug|Any CPU.Build.0 = Debug|Any CPU
		{96925C36-735C-4BC9-B303-106F3B091CD3}.Release|Any CPU.ActiveCfg = Release|Any CPU
		{96925C36-735C-4BC9-B303-106F3B091CD3}.Release|Any CPU.Build.0 = Release|Any CPU
		{76D8FD7A-080B-4319-9D80-488C4497D8C1}.Debug|Any CPU.ActiveCfg = Debug|Any CPU
		{76D8FD7A-080B-4319-9D80-488C4497D8C1}.Debug|Any CPU.Build.0 = Debug|Any CPU
		{76D8FD7A-080B-4319-9D80-488C4497D8C1}.Release|Any CPU.ActiveCfg = Release|Any CPU
		{76D8FD7A-080B-4319-9D80-488C4497D8C1}.Release|Any CPU.Build.0 = Release|Any CPU
		{8619D0E6-B04D-4CA6-81B2-2B46001A6848}.Debug|Any CPU.ActiveCfg = Debug|Any CPU
		{8619D0E6-B04D-4CA6-81B2-2B46001A6848}.Debug|Any CPU.Build.0 = Debug|Any CPU
		{8619D0E6-B04D-4CA6-81B2-2B46001A6848}.Release|Any CPU.ActiveCfg = Release|Any CPU
		{8619D0E6-B04D-4CA6-81B2-2B46001A6848}.Release|Any CPU.Build.0 = Release|Any CPU
		{5CC4F002-D3BF-4FD3-9827-3D68FA5BF7C4}.Debug|Any CPU.ActiveCfg = Debug|Any CPU
		{5CC4F002-D3BF-4FD3-9827-3D68FA5BF7C4}.Debug|Any CPU.Build.0 = Debug|Any CPU
		{5CC4F002-D3BF-4FD3-9827-3D68FA5BF7C4}.Release|Any CPU.ActiveCfg = Release|Any CPU
		{5CC4F002-D3BF-4FD3-9827-3D68FA5BF7C4}.Release|Any CPU.Build.0 = Release|Any CPU
		{4AD05E1F-95C3-421C-A0FE-D15CA0F10A36}.Debug|Any CPU.ActiveCfg = Debug|Any CPU
		{4AD05E1F-95C3-421C-A0FE-D15CA0F10A36}.Debug|Any CPU.Build.0 = Debug|Any CPU
		{4AD05E1F-95C3-421C-A0FE-D15CA0F10A36}.Release|Any CPU.ActiveCfg = Release|Any CPU
		{4AD05E1F-95C3-421C-A0FE-D15CA0F10A36}.Release|Any CPU.Build.0 = Release|Any CPU
		{9EE3C3FA-CF10-466D-883F-FCE3DF0949E7}.Debug|Any CPU.ActiveCfg = Debug|Any CPU
		{9EE3C3FA-CF10-466D-883F-FCE3DF0949E7}.Debug|Any CPU.Build.0 = Debug|Any CPU
		{9EE3C3FA-CF10-466D-883F-FCE3DF0949E7}.Release|Any CPU.ActiveCfg = Release|Any CPU
		{9EE3C3FA-CF10-466D-883F-FCE3DF0949E7}.Release|Any CPU.Build.0 = Release|Any CPU
		{67B52C26-BCBF-45B8-B5FF-0252E0D56F80}.Debug|Any CPU.ActiveCfg = Debug|Any CPU
		{67B52C26-BCBF-45B8-B5FF-0252E0D56F80}.Debug|Any CPU.Build.0 = Debug|Any CPU
		{67B52C26-BCBF-45B8-B5FF-0252E0D56F80}.Release|Any CPU.ActiveCfg = Release|Any CPU
		{67B52C26-BCBF-45B8-B5FF-0252E0D56F80}.Release|Any CPU.Build.0 = Release|Any CPU
	EndGlobalSection
	GlobalSection(SolutionProperties) = preSolution
		HideSolutionNode = FALSE
	EndGlobalSection
	GlobalSection(NestedProjects) = preSolution
		{AFB33D2D-63BD-44D9-99B0-EF0FEE2B270C} = {DE418832-D96A-44BF-98D5-DFCAC50810BB}
		{7AD261B7-1352-46D3-832B-C5C1A93A3596} = {DE418832-D96A-44BF-98D5-DFCAC50810BB}
		{41C33843-8598-47EB-B49D-8BF4B82452D4} = {DE418832-D96A-44BF-98D5-DFCAC50810BB}
		{AD7872FB-E699-4F24-9372-26D2044C3267} = {DE418832-D96A-44BF-98D5-DFCAC50810BB}
		{D72CABA9-6CB0-4AAC-A620-9EB28E508A98} = {DE418832-D96A-44BF-98D5-DFCAC50810BB}
		{0A51746B-C452-4DEA-8DF1-F533A4E58CF8} = {DE418832-D96A-44BF-98D5-DFCAC50810BB}
		{DD40E42A-49F5-4B9F-8F0B-8870C825E241} = {DE418832-D96A-44BF-98D5-DFCAC50810BB}
		{96925C36-735C-4BC9-B303-106F3B091CD3} = {DE418832-D96A-44BF-98D5-DFCAC50810BB}
		{76D8FD7A-080B-4319-9D80-488C4497D8C1} = {DE418832-D96A-44BF-98D5-DFCAC50810BB}
		{8619D0E6-B04D-4CA6-81B2-2B46001A6848} = {DE418832-D96A-44BF-98D5-DFCAC50810BB}
		{5CC4F002-D3BF-4FD3-9827-3D68FA5BF7C4} = {DE418832-D96A-44BF-98D5-DFCAC50810BB}
		{4AD05E1F-95C3-421C-A0FE-D15CA0F10A36} = {DE418832-D96A-44BF-98D5-DFCAC50810BB}
		{9EE3C3FA-CF10-466D-883F-FCE3DF0949E7} = {DE418832-D96A-44BF-98D5-DFCAC50810BB}
		{67B52C26-BCBF-45B8-B5FF-0252E0D56F80} = {DE418832-D96A-44BF-98D5-DFCAC50810BB}
	EndGlobalSection
	GlobalSection(ExtensibilityGlobals) = postSolution
		SolutionGuid = {125611AC-EFDD-4A21-AA21-DDF52A9101D1}
	EndGlobalSection
EndGlobal
